{
  "nodes": {
    "benefice-staging": {
      "flake": false,
      "locked": {
        "narHash": "sha256-QIRaoyP+s7I0AcgHYBJrEsQMeG8sWqw54i8Rn1HdXQg=",
        "type": "file",
        "url": "https://github.com/profianinc/benefice/releases/download/v0.1.0-rc3/benefice-x86_64-unknown-linux-musl"
      },
      "original": {
        "type": "file",
        "url": "https://github.com/profianinc/benefice/releases/download/v0.1.0-rc3/benefice-x86_64-unknown-linux-musl"
      }
    },
    "benefice-testing": {
      "inputs": {
        "cargo2nix": [
          "cargo2nix"
        ],
        "flake-compat": [
          "flake-compat"
        ],
        "flake-utils": [
          "flake-utils"
        ],
        "nixpkgs": [
          "nixpkgs"
        ],
        "rust-overlay": [
          "rust-overlay"
        ]
      },
      "locked": {
        "lastModified": 1657194613,
        "narHash": "sha256-NdfalTR1MPDusJ+KncFXk8YSHkBaq1fWpkY5BHCp+Rc=",
        "owner": "profianinc",
        "repo": "benefice",
        "rev": "377469b9df91522e772c9303810f5e82507a1e3d",
        "type": "github"
      },
      "original": {
        "owner": "profianinc",
        "repo": "benefice",
        "type": "github"
      }
    },
    "cargo2nix": {
      "inputs": {
        "flake-compat": [
          "flake-compat"
        ],
        "flake-utils": [
          "flake-utils"
        ],
        "nixpkgs": [
          "nixpkgs"
        ],
        "rust-overlay": [
          "rust-overlay"
        ]
      },
      "locked": {
        "lastModified": 1655189312,
        "narHash": "sha256-gpJ57OgIebUpO+7F00VltxSEy6dz2x6HeJ5BcRM8rDA=",
        "owner": "cargo2nix",
        "repo": "cargo2nix",
        "rev": "c149357cc3d17f2849c73eb7a09d07a307cdcfe8",
        "type": "github"
      },
      "original": {
        "owner": "cargo2nix",
        "repo": "cargo2nix",
        "type": "github"
      }
    },
    "deploy-rs": {
      "inputs": {
        "flake-compat": [
          "flake-compat"
        ],
        "nixpkgs": "nixpkgs",
        "utils": "utils"
      },
      "locked": {
        "lastModified": 1653594315,
        "narHash": "sha256-kJ0ENmnQJ4qL2FeYKZba9kvv1KmIuB3NVpBwMeI7AJQ=",
        "owner": "serokell",
        "repo": "deploy-rs",
        "rev": "184349d8149436748986d1bdba087e4149e9c160",
        "type": "github"
      },
      "original": {
        "owner": "serokell",
        "repo": "deploy-rs",
        "type": "github"
      }
    },
    "drawbridge-production": {
      "flake": false,
      "locked": {
        "narHash": "sha256-0WgKC8FUZcDOcNp7Uqy/+u6CiDwsiA335CHugUgXIVA=",
        "type": "file",
        "url": "https://github.com/profianinc/drawbridge/releases/download/v0.1.0/drawbridge-x86_64-unknown-linux-musl"
      },
      "original": {
        "type": "file",
        "url": "https://github.com/profianinc/drawbridge/releases/download/v0.1.0/drawbridge-x86_64-unknown-linux-musl"
      }
    },
    "drawbridge-staging": {
      "flake": false,
      "locked": {
        "narHash": "sha256-0WgKC8FUZcDOcNp7Uqy/+u6CiDwsiA335CHugUgXIVA=",
        "type": "file",
        "url": "https://github.com/profianinc/drawbridge/releases/download/v0.1.0/drawbridge-x86_64-unknown-linux-musl"
      },
      "original": {
        "type": "file",
        "url": "https://github.com/profianinc/drawbridge/releases/download/v0.1.0/drawbridge-x86_64-unknown-linux-musl"
      }
    },
    "drawbridge-testing": {
      "inputs": {
        "cargo2nix": [
          "cargo2nix"
        ],
        "flake-compat": [
          "flake-compat"
        ],
        "flake-utils": [
          "flake-utils"
        ],
        "nixpkgs": [
          "nixpkgs"
        ],
        "rust-overlay": [
          "rust-overlay"
        ]
      },
      "locked": {
        "lastModified": 1657194158,
        "narHash": "sha256-U/IaNJxFHFiabtl+GbX54MbbEhltuSiRyEuiOwpYSVQ=",
        "owner": "profianinc",
        "repo": "drawbridge",
        "rev": "f1e4ca8915e18f9789d33da145f703332826a060",
        "type": "github"
      },
      "original": {
        "owner": "profianinc",
        "repo": "drawbridge",
        "type": "github"
      }
    },
    "enarx": {
      "flake": false,
      "locked": {
        "narHash": "sha256-MqOysz0qm+FkDXHgGgbD0bGAGAMDjXFK7VDktqoFqy8=",
        "type": "file",
        "url": "https://github.com/enarx/enarx/releases/download/v0.5.1/enarx-x86_64-unknown-linux-musl"
      },
      "original": {
        "type": "file",
        "url": "https://github.com/enarx/enarx/releases/download/v0.5.1/enarx-x86_64-unknown-linux-musl"
      }
    },
    "fenix": {
      "inputs": {
        "nixpkgs": [
          "steward-testing",
          "nixpkgs"
        ],
        "rust-analyzer-src": "rust-analyzer-src"
      },
      "locked": {
        "lastModified": 1657175312,
        "narHash": "sha256-ZOTtKbL2VDPYJzfKZfPQTx7UdRkIb32fkwU64UOOS+Q=",
        "owner": "nix-community",
        "repo": "fenix",
        "rev": "c5933255cadd599e9d1b4b98d801c12a923ff9d8",
        "type": "github"
      },
      "original": {
        "owner": "nix-community",
        "repo": "fenix",
        "type": "github"
      }
    },
    "flake-compat": {
      "flake": false,
      "locked": {
        "lastModified": 1650374568,
        "narHash": "sha256-Z+s0J8/r907g149rllvwhb4pKi8Wam5ij0st8PwAh+E=",
        "owner": "edolstra",
        "repo": "flake-compat",
        "rev": "b4a34015c698c7793d592d66adbab377907a2be8",
        "type": "github"
      },
      "original": {
        "owner": "edolstra",
        "repo": "flake-compat",
        "type": "github"
      }
    },
    "flake-utils": {
      "locked": {
        "lastModified": 1656928814,
        "narHash": "sha256-RIFfgBuKz6Hp89yRr7+NR5tzIAbn52h8vT6vXkYjZoM=",
        "owner": "numtide",
        "repo": "flake-utils",
        "rev": "7e2a3b3dfd9af950a856d66b0a7d01e3c18aa249",
        "type": "github"
      },
      "original": {
        "owner": "numtide",
        "repo": "flake-utils",
        "type": "github"
      }
    },
    "nixpkgs": {
      "locked": {
        "lastModified": 1648219316,
        "narHash": "sha256-Ctij+dOi0ZZIfX5eMhgwugfvB+WZSrvVNAyAuANOsnQ=",
        "owner": "NixOS",
        "repo": "nixpkgs",
        "rev": "30d3d79b7d3607d56546dd2a6b49e156ba0ec634",
        "type": "github"
      },
      "original": {
        "owner": "NixOS",
        "ref": "nixpkgs-unstable",
        "repo": "nixpkgs",
        "type": "github"
      }
    },
    "nixpkgs_2": {
      "locked": {
        "lastModified": 1657201633,
        "narHash": "sha256-Os+MjYmxVjNPQtEzdQwcN3+ZZM+wOhZ0mUksuOyIplU=",
        "owner": "profianinc",
        "repo": "nixpkgs",
        "rev": "427f1f08c341fb4a51165f3d598d51f1bb0e29fd",
        "type": "github"
      },
      "original": {
        "owner": "profianinc",
        "repo": "nixpkgs",
        "type": "github"
      }
    },
    "root": {
      "inputs": {
        "benefice-staging": "benefice-staging",
        "benefice-testing": "benefice-testing",
        "cargo2nix": "cargo2nix",
        "deploy-rs": "deploy-rs",
        "drawbridge-production": "drawbridge-production",
        "drawbridge-staging": "drawbridge-staging",
        "drawbridge-testing": "drawbridge-testing",
        "enarx": "enarx",
        "flake-compat": "flake-compat",
        "flake-utils": "flake-utils",
        "nixpkgs": "nixpkgs_2",
        "rust-overlay": "rust-overlay",
        "steward-production": "steward-production",
        "steward-staging": "steward-staging",
        "steward-testing": "steward-testing"
      }
    },
    "rust-analyzer-src": {
      "flake": false,
      "locked": {
        "lastModified": 1657151932,
        "narHash": "sha256-iql4MrFnUcbA0AY7Eo+jiOwdVo+b1Ts6AFOQMIriiwY=",
        "owner": "rust-lang",
        "repo": "rust-analyzer",
        "rev": "c296e777675860164f8e45571efd29c4c08ee7cc",
        "type": "github"
      },
      "original": {
        "owner": "rust-lang",
        "ref": "nightly",
        "repo": "rust-analyzer",
        "type": "github"
      }
    },
    "rust-overlay": {
      "inputs": {
        "flake-utils": [
          "flake-utils"
        ],
        "nixpkgs": [
          "nixpkgs"
        ]
      },
      "locked": {
        "lastModified": 1657162416,
        "narHash": "sha256-5HckhpteVHcb++qPFw8L9bHd/B1EAzQxDeAPXAKML70=",
        "owner": "oxalica",
        "repo": "rust-overlay",
        "rev": "b1b998b47b15bc5e18a1b364c9c4f145bb0a3931",
        "type": "github"
      },
      "original": {
        "owner": "oxalica",
        "repo": "rust-overlay",
        "type": "github"
      }
    },
    "rust-overlay_2": {
      "inputs": {
        "flake-utils": [
          "steward-testing",
          "flake-utils"
        ],
        "nixpkgs": [
          "steward-testing",
          "nixpkgs"
        ]
      },
      "locked": {
        "lastModified": 1657162416,
        "narHash": "sha256-5HckhpteVHcb++qPFw8L9bHd/B1EAzQxDeAPXAKML70=",
        "owner": "oxalica",
        "repo": "rust-overlay",
        "rev": "b1b998b47b15bc5e18a1b364c9c4f145bb0a3931",
        "type": "github"
      },
      "original": {
        "owner": "oxalica",
        "repo": "rust-overlay",
        "type": "github"
      }
    },
    "steward-production": {
      "flake": false,
      "locked": {
        "narHash": "sha256-//9IAOeuelgzK/Izef+U0R1PFgWcU3LSLxytnBGAfnk=",
        "type": "file",
        "url": "https://github.com/profianinc/steward/releases/download/v0.1.0/steward-x86_64-unknown-linux-musl"
      },
      "original": {
        "type": "file",
        "url": "https://github.com/profianinc/steward/releases/download/v0.1.0/steward-x86_64-unknown-linux-musl"
      }
    },
    "steward-staging": {
      "flake": false,
      "locked": {
        "narHash": "sha256-//9IAOeuelgzK/Izef+U0R1PFgWcU3LSLxytnBGAfnk=",
        "type": "file",
        "url": "https://github.com/profianinc/steward/releases/download/v0.1.0/steward-x86_64-unknown-linux-musl"
      },
      "original": {
        "type": "file",
        "url": "https://github.com/profianinc/steward/releases/download/v0.1.0/steward-x86_64-unknown-linux-musl"
      }
    },
    "steward-testing": {
      "inputs": {
        "fenix": "fenix",
        "flake-compat": [
          "flake-compat"
        ],
        "flake-utils": [
          "flake-utils"
        ],
        "nixpkgs": [
          "nixpkgs"
        ],
        "rust-overlay": "rust-overlay_2"
      },
      "locked": {
        "lastModified": 1657194171,
        "narHash": "sha256-TphAi57qbrMJhtE0SFB/Z/PLekp2jE0uEjp3zvBWi0k=",
        "owner": "profianinc",
        "repo": "steward",
        "rev": "692ac758eb1ae4a19e32821e4fdc208d73f48cdc",
        "type": "github"
      },
      "original": {
        "owner": "profianinc",
        "repo": "steward",
        "type": "github"
      }
    },
    "utils": {
      "locked": {
        "lastModified": 1648297722,
        "narHash": "sha256-W+qlPsiZd8F3XkzXOzAoR+mpFqzm3ekQkJNa+PIh1BQ=",
        "owner": "numtide",
        "repo": "flake-utils",
        "rev": "0f8662f1319ad6abf89b3380dd2722369fc51ade",
        "type": "github"
      },
      "original": {
        "owner": "numtide",
        "repo": "flake-utils",
        "type": "github"
      }
    }
  },
  "root": "root",
  "version": 7
}
