{
  "nodes": {
    "advisory-db": {
      "flake": false,
      "locked": {
        "lastModified": 1764655389,
        "narHash": "sha256-u+RmTg4CurYaKYp+YkYiqJP1J2bnqGY6ArhEQc9KL7k=",
        "owner": "rustsec",
        "repo": "advisory-db",
        "rev": "684d3355d07fe3d46f7358720a4bcc0d21b6d2e0",
        "type": "github"
      },
      "original": {
        "owner": "rustsec",
        "repo": "advisory-db",
        "type": "github"
      }
    },
    "advisory-db_2": {
      "flake": false,
      "locked": {
        "lastModified": 1735928634,
        "narHash": "sha256-Qg1vJOuEohAbdRmTTOLrbbGsyK9KRB54r3+aBuOMctM=",
        "owner": "rustsec",
        "repo": "advisory-db",
        "rev": "63a2f39924f66ca89cf5761f299a8a244fe02543",
        "type": "github"
      },
      "original": {
        "owner": "rustsec",
        "repo": "advisory-db",
        "type": "github"
      }
    },
    "base16-shell": {
      "flake": false,
      "locked": {
        "lastModified": 1663053609,
        "narHash": "sha256-X89FsG9QICDw3jZvOCB/KsPBVOLUeE7xN3VCtf0DD3E=",
        "owner": "chriskempson",
        "repo": "base16-shell",
        "rev": "588691ba71b47e75793ed9edfcfaa058326a6f41",
        "type": "github"
      },
      "original": {
        "owner": "chriskempson",
        "repo": "base16-shell",
        "type": "github"
      }
    },
    "crane": {
      "locked": {
        "lastModified": 1763938834,
        "narHash": "sha256-j8iB0Yr4zAvQLueCZ5abxfk6fnG/SJ5JnGUziETjwfg=",
        "owner": "ipetkov",
        "repo": "crane",
        "rev": "d9e753122e51cee64eb8d2dddfe11148f339f5a2",
        "type": "github"
      },
      "original": {
        "owner": "ipetkov",
        "repo": "crane",
        "type": "github"
      }
    },
    "crane_2": {
      "locked": {
        "lastModified": 1764782380,
        "narHash": "sha256-9tpiB/ta9m4fNXAjmgrLOCOHXsqUYq4mTPcBYSUDvqk=",
        "owner": "ipetkov",
        "repo": "crane",
        "rev": "e09877b775852470808fda69120691647960bcf2",
        "type": "github"
      },
      "original": {
        "owner": "ipetkov",
        "repo": "crane",
        "type": "github"
      }
    },
    "crane_3": {
      "inputs": {
        "flake-compat": "flake-compat_2",
        "flake-utils": [
          "nixify",
          "nix-log",
          "nixify",
          "flake-utils"
        ],
        "nixpkgs": [
          "nixify",
          "nix-log",
          "nixify",
          "nixpkgs"
        ],
        "rust-overlay": [
          "nixify",
          "nix-log",
          "nixify",
          "rust-overlay"
        ]
      },
      "locked": {
        "lastModified": 1679255352,
        "narHash": "sha256-nkGwGuNkhNrnN33S4HIDV5NzkzMLU5mNStRn9sZwq8c=",
        "owner": "rvolosatovs",
        "repo": "crane",
        "rev": "cec65880599a4ec6426186e24342e663464f5933",
        "type": "github"
      },
      "original": {
        "owner": "rvolosatovs",
        "ref": "feat/wit",
        "repo": "crane",
        "type": "github"
      }
    },
    "crane_4": {
      "locked": {
        "lastModified": 1736101677,
        "narHash": "sha256-iKOPq86AOWCohuzxwFy/MtC8PcSVGnrxBOvxpjpzrAY=",
        "owner": "ipetkov",
        "repo": "crane",
        "rev": "61ba163d85e5adeddc7b3a69bb174034965965b2",
        "type": "github"
      },
      "original": {
        "owner": "ipetkov",
        "repo": "crane",
        "type": "github"
      }
    },
    "fenix": {
      "inputs": {
        "nixpkgs": "nixpkgs",
        "rust-analyzer-src": "rust-analyzer-src"
      },
      "locked": {
        "lastModified": 1764830916,
        "narHash": "sha256-GCw5hPDoA2gXqRh6ThWxcXzA+DqqRR7DaLfPx69SVEg=",
        "owner": "nix-community",
        "repo": "fenix",
        "rev": "ea1d6932e79aa6931c932c83957f6547064759e2",
        "type": "github"
      },
      "original": {
        "owner": "nix-community",
        "repo": "fenix",
        "type": "github"
      }
    },
    "fenix_2": {
      "inputs": {
        "nixpkgs": [
          "nixify",
          "nixpkgs-nixos"
        ],
        "rust-analyzer-src": "rust-analyzer-src_2"
      },
      "locked": {
        "lastModified": 1764744176,
        "narHash": "sha256-MksxY4Y6ybzUnU9CgqcAhhj8sFqdNiIbzVbO2VSczFk=",
        "owner": "nix-community",
        "repo": "fenix",
        "rev": "41fb8b3ae267c2bfeede3f99898dc52a6d893dfc",
        "type": "github"
      },
      "original": {
        "owner": "nix-community",
        "repo": "fenix",
        "type": "github"
      }
    },
    "fenix_3": {
      "inputs": {
        "nixpkgs": [
          "nixify",
          "nix-log",
          "nixify",
          "nixpkgs"
        ],
        "rust-analyzer-src": "rust-analyzer-src_3"
      },
      "locked": {
        "lastModified": 1679552560,
        "narHash": "sha256-L9Se/F1iLQBZFGrnQJO8c9wE5z0Mf8OiycPGP9Y96hA=",
        "owner": "nix-community",
        "repo": "fenix",
        "rev": "fb49a9f5605ec512da947a21cc7e4551a3950397",
        "type": "github"
      },
      "original": {
        "owner": "nix-community",
        "repo": "fenix",
        "type": "github"
      }
    },
    "fenix_4": {
      "inputs": {
        "nixpkgs": [
          "wit-deps",
          "nixify",
          "nixpkgs-nixos"
        ],
        "rust-analyzer-src": "rust-analyzer-src_4"
      },
      "locked": {
        "lastModified": 1736318091,
        "narHash": "sha256-RkRHXZaMgOMGgkW2YmEqxxDDYRiGFbfr1JuaI0VrCKo=",
        "owner": "nix-community",
        "repo": "fenix",
        "rev": "9e13860d50cbfd42e79101a516e1939c7723f093",
        "type": "github"
      },
      "original": {
        "owner": "nix-community",
        "repo": "fenix",
        "type": "github"
      }
    },
    "firefox-addons": {
      "inputs": {
        "nixpkgs": [
          "nixpkgs-unstable"
        ]
      },
      "locked": {
        "dir": "pkgs/firefox-addons",
        "lastModified": 1764821331,
        "narHash": "sha256-Q6ePRWpunc2WRFyQ72TRx7qDqyCfadpe1IFNRHoE6K0=",
        "owner": "rycee",
        "repo": "nur-expressions",
        "rev": "9d6adaef3c5648eaa0979bc9e84b906daa2f4797",
        "type": "gitlab"
      },
      "original": {
        "dir": "pkgs/firefox-addons",
        "owner": "rycee",
        "repo": "nur-expressions",
        "type": "gitlab"
      }
    },
    "flake-compat": {
      "flake": false,
      "locked": {
        "lastModified": 1765121682,
        "narHash": "sha256-4VBOP18BFeiPkyhy9o4ssBNQEvfvv1kXkasAYd0+rrA=",
        "owner": "edolstra",
        "repo": "flake-compat",
        "rev": "65f23138d8d09a92e30f1e5c87611b23ef451bf3",
        "type": "github"
      },
      "original": {
        "owner": "edolstra",
        "repo": "flake-compat",
        "type": "github"
      }
    },
    "flake-compat_2": {
      "flake": false,
      "locked": {
        "lastModified": 1673956053,
        "narHash": "sha256-4gtG9iQuiKITOjNQQeQIpoIB6b16fm+504Ch3sNKLd8=",
        "owner": "edolstra",
        "repo": "flake-compat",
        "rev": "35bb57c0c8d8b62bbfd284272c928ceb64ddbde9",
        "type": "github"
      },
      "original": {
        "owner": "edolstra",
        "repo": "flake-compat",
        "type": "github"
      }
    },
    "flake-parts": {
      "inputs": {
        "nixpkgs-lib": [
          "lanzaboote",
          "nixpkgs"
        ]
      },
      "locked": {
        "lastModified": 1763759067,
        "narHash": "sha256-LlLt2Jo/gMNYAwOgdRQBrsRoOz7BPRkzvNaI/fzXi2Q=",
        "owner": "hercules-ci",
        "repo": "flake-parts",
        "rev": "2cccadc7357c0ba201788ae99c4dfa90728ef5e0",
        "type": "github"
      },
      "original": {
        "owner": "hercules-ci",
        "repo": "flake-parts",
        "type": "github"
      }
    },
    "flake-utils": {
      "inputs": {
        "systems": "systems"
      },
      "locked": {
        "lastModified": 1731533236,
        "narHash": "sha256-l0KFg5HjrsfsO/JpG+r7fRrqm12kzFHyUHqHCVpMMbI=",
        "owner": "numtide",
        "repo": "flake-utils",
        "rev": "11707dc2f618dd54ca8739b309ec4fc024de578b",
        "type": "github"
      },
      "original": {
        "owner": "numtide",
        "repo": "flake-utils",
        "type": "github"
      }
    },
    "flake-utils_2": {
      "inputs": {
        "systems": "systems_2"
      },
      "locked": {
        "lastModified": 1731533236,
        "narHash": "sha256-l0KFg5HjrsfsO/JpG+r7fRrqm12kzFHyUHqHCVpMMbI=",
        "owner": "numtide",
        "repo": "flake-utils",
        "rev": "11707dc2f618dd54ca8739b309ec4fc024de578b",
        "type": "github"
      },
      "original": {
        "owner": "numtide",
        "repo": "flake-utils",
        "type": "github"
      }
    },
    "flake-utils_3": {
      "locked": {
        "lastModified": 1678901627,
        "narHash": "sha256-U02riOqrKKzwjsxc/400XnElV+UtPUQWpANPlyazjH0=",
        "owner": "numtide",
        "repo": "flake-utils",
        "rev": "93a2b84fc4b70d9e089d029deacc3583435c2ed6",
        "type": "github"
      },
      "original": {
        "owner": "numtide",
        "repo": "flake-utils",
        "type": "github"
      }
    },
    "flake-utils_4": {
      "inputs": {
        "systems": "systems_3"
      },
      "locked": {
        "lastModified": 1731533236,
        "narHash": "sha256-l0KFg5HjrsfsO/JpG+r7fRrqm12kzFHyUHqHCVpMMbI=",
        "owner": "numtide",
        "repo": "flake-utils",
        "rev": "11707dc2f618dd54ca8739b309ec4fc024de578b",
        "type": "github"
      },
      "original": {
        "owner": "numtide",
        "repo": "flake-utils",
        "type": "github"
      }
    },
    "gitignore": {
      "inputs": {
        "nixpkgs": [
          "lanzaboote",
          "pre-commit-hooks-nix",
          "nixpkgs"
        ]
      },
      "locked": {
        "lastModified": 1709087332,
        "narHash": "sha256-HG2cCnktfHsKV0s4XW83gU3F57gaTljL9KNSuG6bnQs=",
        "owner": "hercules-ci",
        "repo": "gitignore.nix",
        "rev": "637db329424fd7e46cf4185293b9cc8c88c95394",
        "type": "github"
      },
      "original": {
        "owner": "hercules-ci",
        "repo": "gitignore.nix",
        "type": "github"
      }
    },
    "home-manager": {
      "inputs": {
        "nixpkgs": [
          "nixpkgs-nixos"
        ]
      },
      "locked": {
        "lastModified": 1765170903,
        "narHash": "sha256-O8VTGey1xxiRW+Fpb+Ps9zU7ShmxUA1a7cMTcENCVNg=",
        "owner": "nix-community",
        "repo": "home-manager",
        "rev": "20561be440a11ec57a89715480717baf19fe6343",
        "type": "github"
      },
      "original": {
        "owner": "nix-community",
        "ref": "release-25.11",
        "repo": "home-manager",
        "type": "github"
      }
    },
    "home-manager-unstable": {
      "inputs": {
        "nixpkgs": [
          "nixpkgs-unstable"
        ]
      },
      "locked": {
        "lastModified": 1764891212,
        "narHash": "sha256-74ZPvCEmT5JatN227aSBOnORAtW3RWcMjjAkeiHp8UE=",
        "owner": "nix-community",
        "repo": "home-manager",
        "rev": "df7bac2b2bdbaae8f9100be4e4cd21c7155611e9",
        "type": "github"
      },
      "original": {
        "owner": "nix-community",
        "ref": "master",
        "repo": "home-manager",
        "type": "github"
      }
    },
    "ioquake3-mac-install": {
      "flake": false,
      "locked": {
        "lastModified": 1576977035,
        "narHash": "sha256-zirZZT+8W+sni3Ka9N5Dz7VWJFtmz/W+YsE1cjFzsuU=",
        "owner": "rvolosatovs",
        "repo": "ioquake3-mac-install",
        "rev": "91e37f075ebf65510e130981bdfdbfdc47265938",
        "type": "github"
      },
      "original": {
        "owner": "rvolosatovs",
        "repo": "ioquake3-mac-install",
        "type": "github"
      }
    },
    "lanzaboote": {
      "inputs": {
        "crane": "crane",
        "flake-compat": "flake-compat",
        "flake-parts": "flake-parts",
        "nixpkgs": "nixpkgs_2",
        "pre-commit-hooks-nix": "pre-commit-hooks-nix",
        "rust-overlay": "rust-overlay"
      },
      "locked": {
        "lastModified": 1762205063,
        "narHash": "sha256-If6vQ+KvtKs3ARBO9G3l+4wFSCYtRBrwX1z+I+B61wQ=",
        "owner": "nix-community",
        "repo": "lanzaboote",
        "rev": "88b8a563ff5704f4e8d8e5118fb911fa2110ca05",
        "type": "github"
      },
      "original": {
        "owner": "nix-community",
        "ref": "v0.4.3",
        "repo": "lanzaboote",
        "type": "github"
      }
    },
    "macos-sdk": {
      "flake": false,
      "locked": {
        "lastModified": 1694769349,
        "narHash": "sha256-TEvVJy+NMPyzgWSk/6S29ZMQR+ICFxSdS3tw247uhFc=",
        "type": "tarball",
        "url": "https://github.com/roblabla/MacOSX-SDKs/releases/download/macosx14.0/MacOSX14.0.sdk.tar.xz"
      },
      "original": {
        "type": "tarball",
        "url": "https://github.com/roblabla/MacOSX-SDKs/releases/download/macosx14.0/MacOSX14.0.sdk.tar.xz"
      }
    },
    "macos-sdk_2": {
      "flake": false,
      "locked": {
        "lastModified": 1694769349,
        "narHash": "sha256-TEvVJy+NMPyzgWSk/6S29ZMQR+ICFxSdS3tw247uhFc=",
        "type": "tarball",
        "url": "https://github.com/roblabla/MacOSX-SDKs/releases/download/macosx14.0/MacOSX14.0.sdk.tar.xz"
      },
      "original": {
        "type": "tarball",
        "url": "https://github.com/roblabla/MacOSX-SDKs/releases/download/macosx14.0/MacOSX14.0.sdk.tar.xz"
      }
    },
    "nix-darwin": {
      "inputs": {
        "nixpkgs": [
          "nixpkgs-darwin"
        ]
      },
      "locked": {
        "lastModified": 1765066094,
        "narHash": "sha256-0YSU35gfRFJzx/lTGgOt6ubP8K6LeW0vaywzNNqxkl4=",
        "owner": "LnL7",
        "repo": "nix-darwin",
        "rev": "688427b1aab9afb478ca07989dc754fa543e03d5",
        "type": "github"
      },
      "original": {
        "owner": "LnL7",
        "ref": "nix-darwin-25.11",
        "repo": "nix-darwin",
        "type": "github"
      }
    },
    "nix-filter": {
      "locked": {
        "lastModified": 1757882181,
        "narHash": "sha256-+cCxYIh2UNalTz364p+QYmWHs0P+6wDhiWR4jDIKQIU=",
        "owner": "numtide",
        "repo": "nix-filter",
        "rev": "59c44d1909c72441144b93cf0f054be7fe764de5",
        "type": "github"
      },
      "original": {
        "owner": "numtide",
        "repo": "nix-filter",
        "type": "github"
      }
    },
    "nix-filter_2": {
      "locked": {
        "lastModified": 1678109515,
        "narHash": "sha256-C2X+qC80K2C1TOYZT8nabgo05Dw2HST/pSn6s+n6BO8=",
        "owner": "numtide",
        "repo": "nix-filter",
        "rev": "aa9ff6ce4a7f19af6415fb3721eaa513ea6c763c",
        "type": "github"
      },
      "original": {
        "owner": "numtide",
        "repo": "nix-filter",
        "type": "github"
      }
    },
    "nix-filter_3": {
      "locked": {
        "lastModified": 1731533336,
        "narHash": "sha256-oRam5PS1vcrr5UPgALW0eo1m/5/pls27Z/pabHNy2Ms=",
        "owner": "numtide",
        "repo": "nix-filter",
        "rev": "f7653272fd234696ae94229839a99b73c9ab7de0",
        "type": "github"
      },
      "original": {
        "owner": "numtide",
        "repo": "nix-filter",
        "type": "github"
      }
    },
    "nix-flake-tests": {
      "locked": {
        "lastModified": 1677844186,
        "narHash": "sha256-ErJZ/Gs1rxh561CJeWP5bohA2IcTq1rDneu1WT6CVII=",
        "owner": "antifuchs",
        "repo": "nix-flake-tests",
        "rev": "bbd9216bd0f6495bb961a8eb8392b7ef55c67afb",
        "type": "github"
      },
      "original": {
        "owner": "antifuchs",
        "repo": "nix-flake-tests",
        "type": "github"
      }
    },
    "nix-flake-tests_2": {
      "locked": {
        "lastModified": 1677844186,
        "narHash": "sha256-ErJZ/Gs1rxh561CJeWP5bohA2IcTq1rDneu1WT6CVII=",
        "owner": "antifuchs",
        "repo": "nix-flake-tests",
        "rev": "bbd9216bd0f6495bb961a8eb8392b7ef55c67afb",
        "type": "github"
      },
      "original": {
        "owner": "antifuchs",
        "repo": "nix-flake-tests",
        "type": "github"
      }
    },
    "nix-flake-tests_3": {
      "locked": {
        "lastModified": 1677844186,
        "narHash": "sha256-ErJZ/Gs1rxh561CJeWP5bohA2IcTq1rDneu1WT6CVII=",
        "owner": "antifuchs",
        "repo": "nix-flake-tests",
        "rev": "bbd9216bd0f6495bb961a8eb8392b7ef55c67afb",
        "type": "github"
      },
      "original": {
        "owner": "antifuchs",
        "repo": "nix-flake-tests",
        "type": "github"
      }
    },
    "nix-log": {
      "inputs": {
        "nix-flake-tests": "nix-flake-tests_2",
        "nixify": "nixify_2",
        "nixlib": "nixlib_3"
      },
      "locked": {
        "lastModified": 1763017887,
        "narHash": "sha256-GISa0ov/mpzcIelJ42bNXLYrf32z5oRoaWUEG47rcMw=",
        "owner": "rvolosatovs",
        "repo": "nix-log",
        "rev": "28077f146f43ec4917192ebf0e613f43223051de",
        "type": "github"
      },
      "original": {
        "owner": "rvolosatovs",
        "repo": "nix-log",
        "type": "github"
      }
    },
    "nix-log_2": {
      "inputs": {
        "nix-flake-tests": "nix-flake-tests_3",
        "nixify": [
          "wit-deps",
          "nixify"
        ],
        "nixlib": [
          "wit-deps",
          "nixlib"
        ]
      },
      "locked": {
        "lastModified": 1733747205,
        "narHash": "sha256-8BRnYXnl0exUL/sRD2I382KHiY5TKWzVBQw6+6YO4yw=",
        "owner": "rvolosatovs",
        "repo": "nix-log",
        "rev": "354b9acbdb08a5567a97791546c1e23c9f476ef6",
        "type": "github"
      },
      "original": {
        "owner": "rvolosatovs",
        "repo": "nix-log",
        "type": "github"
      }
    },
    "nix-rosetta-builder": {
      "inputs": {
        "nixos-generators": "nixos-generators",
        "nixpkgs": [
          "nixpkgs-darwin"
        ]
      },
      "locked": {
        "lastModified": 1756177999,
        "narHash": "sha256-aSbB7/jrt7ujiJ55f2uGhOo+usGxVSkqbAMVgg2jDls=",
        "owner": "cpick",
        "repo": "nix-rosetta-builder",
        "rev": "ebb7162a975074fb570a2c3ac02bc543ff2e9df4",
        "type": "github"
      },
      "original": {
        "owner": "cpick",
        "repo": "nix-rosetta-builder",
        "type": "github"
      }
    },
    "nixify": {
      "inputs": {
        "advisory-db": "advisory-db",
        "crane": "crane_2",
        "fenix": "fenix_2",
        "flake-utils": "flake-utils_2",
        "macos-sdk": "macos-sdk",
        "nix-filter": "nix-filter",
        "nix-log": "nix-log",
        "nixlib": [
          "nixlib"
        ],
        "nixpkgs-darwin": [
          "nixpkgs-darwin"
        ],
        "nixpkgs-nixos": [
          "nixpkgs-nixos"
        ],
        "rust-overlay": "rust-overlay_3"
      },
      "locked": {
        "lastModified": 1764895622,
        "narHash": "sha256-dOAZquremZWR5zsoO0EoW+edj4Wh2TCjqYTQwPPBi/g=",
        "owner": "rvolosatovs",
        "repo": "nixify",
        "rev": "63496387c9ace1cbd0be551f66d48ed298601b8a",
        "type": "github"
      },
      "original": {
        "owner": "rvolosatovs",
        "repo": "nixify",
        "type": "github"
      }
    },
    "nixify_2": {
      "inputs": {
        "crane": "crane_3",
        "fenix": "fenix_3",
        "flake-utils": "flake-utils_3",
        "nix-filter": "nix-filter_2",
        "nixlib": "nixlib_2",
        "nixpkgs": "nixpkgs_3",
        "rust-overlay": "rust-overlay_2"
      },
      "locked": {
        "lastModified": 1679748566,
        "narHash": "sha256-yA4yIJjNCOLoUh0py9S3SywwbPnd/6NPYbXad+JeOl0=",
        "owner": "rvolosatovs",
        "repo": "nixify",
        "rev": "80e823959511a42dfec4409fef406a14ae8240f3",
        "type": "github"
      },
      "original": {
        "owner": "rvolosatovs",
        "repo": "nixify",
        "type": "github"
      }
    },
    "nixify_3": {
      "inputs": {
        "advisory-db": "advisory-db_2",
        "crane": "crane_4",
        "fenix": "fenix_4",
        "flake-utils": "flake-utils_4",
        "macos-sdk": "macos-sdk_2",
        "nix-filter": "nix-filter_3",
        "nix-log": [
          "wit-deps",
          "nix-log"
        ],
        "nixlib": [
          "wit-deps",
          "nixlib"
        ],
        "nixpkgs-darwin": "nixpkgs-darwin_2",
        "nixpkgs-nixos": "nixpkgs-nixos_2",
        "rust-overlay": "rust-overlay_4"
      },
      "locked": {
        "lastModified": 1736778069,
        "narHash": "sha256-OFCnASI5/7ajYDWjExp+nszfAKVpTp5VLCDzxqlsj0M=",
        "owner": "rvolosatovs",
        "repo": "nixify",
        "rev": "6bc7e4282939913a2d9cbe41ea44b19cdc7c4111",
        "type": "github"
      },
      "original": {
        "owner": "rvolosatovs",
        "repo": "nixify",
        "type": "github"
      }
    },
    "nixlib": {
      "locked": {
        "lastModified": 1736643958,
        "narHash": "sha256-tmpqTSWVRJVhpvfSN9KXBvKEXplrwKnSZNAoNPf/S/s=",
        "owner": "nix-community",
        "repo": "nixpkgs.lib",
        "rev": "1418bc28a52126761c02dd3d89b2d8ca0f521181",
        "type": "github"
      },
      "original": {
        "owner": "nix-community",
        "repo": "nixpkgs.lib",
        "type": "github"
      }
    },
    "nixlib_2": {
      "locked": {
        "lastModified": 1679187309,
        "narHash": "sha256-H8udmkg5wppL11d/05MMzOMryiYvc403axjDNZy1/TQ=",
        "owner": "nix-community",
        "repo": "nixpkgs.lib",
        "rev": "44214417fe4595438b31bdb9469be92536a61455",
        "type": "github"
      },
      "original": {
        "owner": "nix-community",
        "repo": "nixpkgs.lib",
        "type": "github"
      }
    },
    "nixlib_3": {
      "locked": {
        "lastModified": 1679791877,
        "narHash": "sha256-tTV1Mf0hPWIMtqyU16Kd2JUBDWvfHlDC9pF57vcbgpQ=",
        "owner": "nix-community",
        "repo": "nixpkgs.lib",
        "rev": "cc060ddbf652a532b54057081d5abd6144d01971",
        "type": "github"
      },
      "original": {
        "owner": "nix-community",
        "repo": "nixpkgs.lib",
        "type": "github"
      }
    },
    "nixlib_4": {
      "locked": {
        "lastModified": 1764465291,
        "narHash": "sha256-jJ/E4B9Hp7U2ZmT3E0tD1LtAfATw/xjVf8sueNyeYmc=",
        "owner": "nix-community",
        "repo": "nixpkgs.lib",
        "rev": "e9537535ae8f4a2f78dbef0aaa0cbb6af4abd047",
        "type": "github"
      },
      "original": {
        "owner": "nix-community",
        "repo": "nixpkgs.lib",
        "type": "github"
      }
    },
    "nixlib_5": {
      "locked": {
        "lastModified": 1736643958,
        "narHash": "sha256-tmpqTSWVRJVhpvfSN9KXBvKEXplrwKnSZNAoNPf/S/s=",
        "owner": "nix-community",
        "repo": "nixpkgs.lib",
        "rev": "1418bc28a52126761c02dd3d89b2d8ca0f521181",
        "type": "github"
      },
      "original": {
        "owner": "nix-community",
        "repo": "nixpkgs.lib",
        "type": "github"
      }
    },
    "nixos-generators": {
      "inputs": {
        "nixlib": "nixlib",
        "nixpkgs": [
          "nix-rosetta-builder",
          "nixpkgs"
        ]
      },
      "locked": {
        "lastModified": 1737057290,
        "narHash": "sha256-3Pe0yKlCc7EOeq1X/aJVDH0CtNL+tIBm49vpepwL1MQ=",
        "owner": "nix-community",
        "repo": "nixos-generators",
        "rev": "d002ce9b6e7eb467cd1c6bb9aef9c35d191b5453",
        "type": "github"
      },
      "original": {
        "owner": "nix-community",
        "repo": "nixos-generators",
        "type": "github"
      }
    },
    "nixos-hardware": {
      "locked": {
        "lastModified": 1764440730,
        "narHash": "sha256-ZlJTNLUKQRANlLDomuRWLBCH5792x+6XUJ4YdFRjtO4=",
        "owner": "NixOS",
        "repo": "nixos-hardware",
        "rev": "9154f4569b6cdfd3c595851a6ba51bfaa472d9f3",
        "type": "github"
      },
      "original": {
        "owner": "NixOS",
        "repo": "nixos-hardware",
        "type": "github"
      }
    },
    "nixpkgs": {
      "locked": {
        "lastModified": 1764667669,
        "narHash": "sha256-7WUCZfmqLAssbDqwg9cUDAXrSoXN79eEEq17qhTNM/Y=",
        "owner": "nixos",
        "repo": "nixpkgs",
        "rev": "418468ac9527e799809c900eda37cbff999199b6",
        "type": "github"
      },
      "original": {
        "owner": "nixos",
        "ref": "nixos-unstable",
        "repo": "nixpkgs",
        "type": "github"
      }
    },
    "nixpkgs-23_05": {
      "locked": {
        "lastModified": 1705957679,
        "narHash": "sha256-Q8LJaVZGJ9wo33wBafvZSzapYsjOaNjP/pOnSiKVGHY=",
        "owner": "NixOS",
        "repo": "nixpkgs",
        "rev": "9a333eaa80901efe01df07eade2c16d183761fa3",
        "type": "github"
      },
      "original": {
        "owner": "NixOS",
        "ref": "release-23.05",
        "repo": "nixpkgs",
        "type": "github"
      }
    },
    "nixpkgs-darwin": {
      "locked": {
        "lastModified": 1764952718,
        "narHash": "sha256-Gf75RCbeYcfXGNb9hHQ7DsVNsxU+TNWivose3JT53QY=",
        "owner": "NixOS",
        "repo": "nixpkgs",
        "rev": "d355f89e0014e51c9511298089d7ab55fd6f7056",
        "type": "github"
      },
      "original": {
        "owner": "NixOS",
        "ref": "nixpkgs-25.11-darwin",
        "repo": "nixpkgs",
        "type": "github"
      }
    },
    "nixpkgs-darwin_2": {
      "locked": {
        "lastModified": 1735954111,
        "narHash": "sha256-yPzRuUXx99iu9QMF9GKxxqqC7kpKdFlQi7PA9N85wxQ=",
        "owner": "nixos",
        "repo": "nixpkgs",
        "rev": "a4c40a8a970c147cea7e98e86b2ff2ffb184aedd",
        "type": "github"
      },
      "original": {
        "owner": "nixos",
        "ref": "nixpkgs-24.11-darwin",
        "repo": "nixpkgs",
        "type": "github"
      }
    },
    "nixpkgs-nixos": {
      "locked": {
        "lastModified": 1764983851,
        "narHash": "sha256-y7RPKl/jJ/KAP/VKLMghMgXTlvNIJMHKskl8/Uuar7o=",
        "owner": "NixOS",
        "repo": "nixpkgs",
        "rev": "d9bc5c7dceb30d8d6fafa10aeb6aa8a48c218454",
        "type": "github"
      },
      "original": {
        "owner": "NixOS",
        "ref": "nixos-25.11",
        "repo": "nixpkgs",
        "type": "github"
      }
    },
    "nixpkgs-nixos_2": {
      "locked": {
        "lastModified": 1736200483,
        "narHash": "sha256-JO+lFN2HsCwSLMUWXHeOad6QUxOuwe9UOAF/iSl1J4I=",
        "owner": "nixos",
        "repo": "nixpkgs",
        "rev": "3f0a8ac25fb674611b98089ca3a5dd6480175751",
        "type": "github"
      },
      "original": {
        "owner": "nixos",
        "ref": "nixos-24.11",
        "repo": "nixpkgs",
        "type": "github"
      }
    },
    "nixpkgs-unstable": {
      "locked": {
        "lastModified": 1764824325,
        "narHash": "sha256-+pfHiiRFFvtTrWzCxAR98ObNeGPiiVL4VKJ03UFeKHo=",
        "owner": "NixOS",
        "repo": "nixpkgs",
        "rev": "821f1a2ebab0f13d6d65170d6bd7d2b3a182efdb",
        "type": "github"
      },
      "original": {
        "owner": "NixOS",
        "ref": "nixpkgs-unstable",
        "repo": "nixpkgs",
        "type": "github"
      }
    },
    "nixpkgs_2": {
      "locked": {
        "lastModified": 1765094762,
        "narHash": "sha256-rE8XLdLoGWSPbEtbUx3zn9uIqR+WExEbHNLjY/PGwTg=",
        "owner": "NixOS",
        "repo": "nixpkgs",
        "rev": "efed18dfab8df143928588590e6093cf99f0e663",
        "type": "github"
      },
      "original": {
        "owner": "NixOS",
        "ref": "nixos-unstable-small",
        "repo": "nixpkgs",
        "type": "github"
      }
    },
    "nixpkgs_3": {
      "locked": {
        "lastModified": 1679577639,
        "narHash": "sha256-7u7bsNP0ApBnLgsHVROQ5ytoMqustmMVMgtaFS/P7EU=",
        "owner": "nixos",
        "repo": "nixpkgs",
        "rev": "8f1bcd72727c5d4cd775545595d068be410f2a7e",
        "type": "github"
      },
      "original": {
        "owner": "nixos",
        "ref": "nixpkgs-22.11-darwin",
        "repo": "nixpkgs",
        "type": "github"
      }
    },
    "pre-commit-hooks-nix": {
      "inputs": {
        "flake-compat": [
          "lanzaboote",
          "flake-compat"
        ],
        "gitignore": "gitignore",
        "nixpkgs": [
          "lanzaboote",
          "nixpkgs"
        ]
      },
      "locked": {
        "lastModified": 1765016596,
        "narHash": "sha256-rhSqPNxDVow7OQKi4qS5H8Au0P4S3AYbawBSmJNUtBQ=",
        "owner": "cachix",
        "repo": "pre-commit-hooks.nix",
        "rev": "548fc44fca28a5e81c5d6b846e555e6b9c2a5a3c",
        "type": "github"
      },
      "original": {
        "owner": "cachix",
        "repo": "pre-commit-hooks.nix",
        "type": "github"
      }
    },
    "root": {
      "inputs": {
        "base16-shell": "base16-shell",
        "fenix": "fenix",
        "firefox-addons": "firefox-addons",
        "flake-utils": "flake-utils",
        "home-manager": "home-manager",
        "home-manager-unstable": "home-manager-unstable",
        "ioquake3-mac-install": "ioquake3-mac-install",
        "lanzaboote": "lanzaboote",
        "nix-darwin": "nix-darwin",
        "nix-flake-tests": "nix-flake-tests",
        "nix-rosetta-builder": "nix-rosetta-builder",
        "nixify": "nixify",
        "nixlib": "nixlib_4",
        "nixos-hardware": "nixos-hardware",
        "nixpkgs-23_05": "nixpkgs-23_05",
        "nixpkgs-darwin": "nixpkgs-darwin",
        "nixpkgs-nixos": "nixpkgs-nixos",
        "nixpkgs-unstable": "nixpkgs-unstable",
        "sops-nix": "sops-nix",
        "wit-deps": "wit-deps"
      }
    },
    "rust-analyzer-src": {
      "flake": false,
      "locked": {
        "lastModified": 1764778537,
        "narHash": "sha256-SNL+Fj1ZWiBqCrHJT1S9vMZujrWxCOmf3zkT66XSnhE=",
        "owner": "rust-lang",
        "repo": "rust-analyzer",
        "rev": "633cff25206d5108043d87617a43c9d04aa42c88",
        "type": "github"
      },
      "original": {
        "owner": "rust-lang",
        "ref": "nightly",
        "repo": "rust-analyzer",
        "type": "github"
      }
    },
    "rust-analyzer-src_2": {
      "flake": false,
      "locked": {
        "lastModified": 1764704125,
        "narHash": "sha256-dt9B8HzKJGbUN420+n3w985hC4H7TdISbabP/XVvCHA=",
        "owner": "rust-lang",
        "repo": "rust-analyzer",
        "rev": "f42c15ba54264c11dd6362510551209c67f9aa15",
        "type": "github"
      },
      "original": {
        "owner": "rust-lang",
        "ref": "nightly",
        "repo": "rust-analyzer",
        "type": "github"
      }
    },
    "rust-analyzer-src_3": {
      "flake": false,
      "locked": {
        "lastModified": 1679520343,
        "narHash": "sha256-AJGSGWRfoKWD5IVTu1wEsR990wHbX0kIaolPqNMEh0c=",
        "owner": "rust-lang",
        "repo": "rust-analyzer",
        "rev": "eb791f31e688ae00908eb75d4c704ef60c430a92",
        "type": "github"
      },
      "original": {
        "owner": "rust-lang",
        "ref": "nightly",
        "repo": "rust-analyzer",
        "type": "github"
      }
    },
    "rust-analyzer-src_4": {
      "flake": false,
      "locked": {
        "lastModified": 1736266405,
        "narHash": "sha256-V2FDSb8YjuquZduBRNp5niWYlWurja2yGN6Xzh5GPYk=",
        "owner": "rust-lang",
        "repo": "rust-analyzer",
        "rev": "91fc0a239af4e56b84b1d3974ac0f34dcc99b895",
        "type": "github"
      },
      "original": {
        "owner": "rust-lang",
        "ref": "nightly",
        "repo": "rust-analyzer",
        "type": "github"
      }
    },
    "rust-overlay": {
      "inputs": {
        "nixpkgs": [
          "lanzaboote",
          "nixpkgs"
        ]
      },
      "locked": {
        "lastModified": 1764470739,
        "narHash": "sha256-sa9f81B1dWO16QtgDTWHX8DQbiHKzHndpaunY5EQtwE=",
        "owner": "oxalica",
        "repo": "rust-overlay",
        "rev": "3bfa664055e1a09c6aedab5533c5fc8d6ca5741a",
        "type": "github"
      },
      "original": {
        "owner": "oxalica",
        "repo": "rust-overlay",
        "type": "github"
      }
    },
    "rust-overlay_2": {
      "inputs": {
        "flake-utils": [
          "nixify",
          "nix-log",
          "nixify",
          "flake-utils"
        ],
        "nixpkgs": [
          "nixify",
          "nix-log",
          "nixify",
          "nixpkgs"
        ]
      },
      "locked": {
        "lastModified": 1679537973,
        "narHash": "sha256-R6borgcKeyMIjjPeeYsfo+mT8UdS+OwwbhhStdCfEjg=",
        "owner": "oxalica",
        "repo": "rust-overlay",
        "rev": "fbc7ae3f14d32e78c0e8d7865f865cc28a46b232",
        "type": "github"
      },
      "original": {
        "owner": "oxalica",
        "repo": "rust-overlay",
        "type": "github"
      }
    },
    "rust-overlay_3": {
      "inputs": {
        "nixpkgs": [
          "nixify",
          "nixpkgs-nixos"
        ]
      },
      "locked": {
        "lastModified": 1764729618,
        "narHash": "sha256-z4RA80HCWv2los1KD346c+PwNPzMl79qgl7bCVgz8X0=",
        "owner": "oxalica",
        "repo": "rust-overlay",
        "rev": "52764074a85145d5001bf0aa30cb71936e9ad5b8",
        "type": "github"
      },
      "original": {
        "owner": "oxalica",
        "repo": "rust-overlay",
        "type": "github"
      }
    },
    "rust-overlay_4": {
      "inputs": {
        "nixpkgs": [
          "wit-deps",
          "nixify",
          "nixpkgs-nixos"
        ]
      },
      "locked": {
        "lastModified": 1736303309,
        "narHash": "sha256-IKrk7RL+Q/2NC6+Ql6dwwCNZI6T6JH2grTdJaVWHF0A=",
        "owner": "oxalica",
        "repo": "rust-overlay",
        "rev": "a0b81d4fa349d9af1765b0f0b4a899c13776f706",
        "type": "github"
      },
      "original": {
        "owner": "oxalica",
        "repo": "rust-overlay",
        "type": "github"
      }
    },
    "sops-nix": {
      "inputs": {
        "nixpkgs": [
          "nixpkgs-unstable"
        ]
      },
      "locked": {
        "lastModified": 1764483358,
        "narHash": "sha256-EyyvCzXoHrbL467YSsQBTWWg4sR96MH1sPpKoSOelB4=",
        "owner": "Mic92",
        "repo": "sops-nix",
        "rev": "5aca6ff67264321d47856a2ed183729271107c9c",
        "type": "github"
      },
      "original": {
        "owner": "Mic92",
        "repo": "sops-nix",
        "type": "github"
      }
    },
    "systems": {
      "locked": {
        "lastModified": 1681028828,
        "narHash": "sha256-Vy1rq5AaRuLzOxct8nz4T6wlgyUR7zLU309k9mBC768=",
        "owner": "nix-systems",
        "repo": "default",
        "rev": "da67096a3b9bf56a91d16901293e51ba5b49a27e",
        "type": "github"
      },
      "original": {
        "owner": "nix-systems",
        "repo": "default",
        "type": "github"
      }
    },
    "systems_2": {
      "locked": {
        "lastModified": 1681028828,
        "narHash": "sha256-Vy1rq5AaRuLzOxct8nz4T6wlgyUR7zLU309k9mBC768=",
        "owner": "nix-systems",
        "repo": "default",
        "rev": "da67096a3b9bf56a91d16901293e51ba5b49a27e",
        "type": "github"
      },
      "original": {
        "owner": "nix-systems",
        "repo": "default",
        "type": "github"
      }
    },
    "systems_3": {
      "locked": {
        "lastModified": 1681028828,
        "narHash": "sha256-Vy1rq5AaRuLzOxct8nz4T6wlgyUR7zLU309k9mBC768=",
        "owner": "nix-systems",
        "repo": "default",
        "rev": "da67096a3b9bf56a91d16901293e51ba5b49a27e",
        "type": "github"
      },
      "original": {
        "owner": "nix-systems",
        "repo": "default",
        "type": "github"
      }
    },
    "wit-deps": {
      "inputs": {
        "nix-log": "nix-log_2",
        "nixify": "nixify_3",
        "nixlib": "nixlib_5"
      },
      "locked": {
        "lastModified": 1737050201,
        "narHash": "sha256-tbHAvdDN2qkJRRfy9L3apBULRVttb7Jh00bDlb1OKJ4=",
        "owner": "bytecodealliance",
        "repo": "wit-deps",
        "rev": "9b389783986ec8861ad9b3d6354da2c451a1ca83",
        "type": "github"
      },
      "original": {
        "owner": "bytecodealliance",
        "ref": "v0.5.0",
        "repo": "wit-deps",
        "type": "github"
      }
    }
  },
  "root": "root",
  "version": 7
}
